
Microsoft Visual Studio Solution File, Format Version 12.00
# Visual Studio 15
VisualStudioVersion = 15.0.28010.2019
MinimumVisualStudioVersion = 10.0.40219.1
Project("{FAE04EC0-301F-11D3-BF4B-00C04F79EFBC}") = "CYK", "..\..\CYK\CYK\CYK.csproj", "{3C4014D5-5827-4C93-B428-3D10F525374E}"
EndProject
Global
	GlobalSection(SolutionConfigurationPlatforms) = preSolution
		Debug|Any CPU = Debug|Any CPU
		Release|Any CPU = Release|Any CPU
	EndGlobalSection
	GlobalSection(ProjectConfigurationPlatforms) = postSolution
		{3C4014D5-5827-4C93-B428-3D10F525374E}.Debug|Any CPU.ActiveCfg = Debug|Any CPU
		{3C4014D5-5827-4C93-B428-3D10F525374E}.Debug|Any CPU.Build.0 = Debug|Any CPU
		{3C4014D5-5827-4C93-B428-3D10F525374E}.Release|Any CPU.ActiveCfg = Release|Any CPU
		{3C4014D5-5827-4C93-B428-3D10F525374E}.Release|Any CPU.Build.0 = Release|Any CPU
	EndGlobalSection
	GlobalSection(SolutionProperties) = preSolution
		HideSolutionNode = FALSE
	EndGlobalSection
	GlobalSection(ExtensibilityGlobals) = postSolution
		SolutionGuid = {7D56D692-5F68-4869-8D75-242D46C0683F}
	EndGlobalSection
EndGlobal
